
Microsoft Visual Studio Solution File, Format Version 12.00
# Visual Studio Version 17
VisualStudioVersion = 17.11.35327.3
MinimumVisualStudioVersion = 10.0.40219.1
Project("{8BC9CEB8-8B4A-11D0-8D11-00A0C91BC942}") = "SnakeConsole", "SnakeConsole\SnakeConsole.vcxproj", "{5634F558-AF71-40A4-8952-939DF8E796A6}"
EndProject
Project("{8BC9CEB8-8B4A-11D0-8D11-00A0C91BC942}") = "SnakeEngine", "SnakeEngine\SnakeEngine.vcxproj", "{AB3D1A67-27ED-4D74-9C7F-7BA19529FEA4}"
EndProject
Global
	GlobalSection(SolutionConfigurationPlatforms) = preSolution
		Debug|x64 = Debug|x64
		Debug|x86 = Debug|x86
		Release|x64 = Release|x64
		Release|x86 = Release|x86
	EndGlobalSection
	GlobalSection(ProjectConfigurationPlatforms) = postSolution
		{5634F558-AF71-40A4-8952-939DF8E796A6}.Debug|x64.ActiveCfg = Debug|x64
		{5634F558-AF71-40A4-8952-939DF8E796A6}.Debug|x64.Build.0 = Debug|x64
		{5634F558-AF71-40A4-8952-939DF8E796A6}.Debug|x86.ActiveCfg = Debug|Win32
		{5634F558-AF71-40A4-8952-939DF8E796A6}.Debug|x86.Build.0 = Debug|Win32
		{5634F558-AF71-40A4-8952-939DF8E796A6}.Release|x64.ActiveCfg = Release|x64
		{5634F558-AF71-40A4-8952-939DF8E796A6}.Release|x64.Build.0 = Release|x64
		{5634F558-AF71-40A4-8952-939DF8E796A6}.Release|x86.ActiveCfg = Release|Win32
		{5634F558-AF71-40A4-8952-939DF8E796A6}.Release|x86.Build.0 = Release|Win32
		{AB3D1A67-27ED-4D74-9C7F-7BA19529FEA4}.Debug|x64.ActiveCfg = Debug|x64
		{AB3D1A67-27ED-4D74-9C7F-7BA19529FEA4}.Debug|x64.Build.0 = Debug|x64
		{AB3D1A67-27ED-4D74-9C7F-7BA19529FEA4}.Debug|x86.ActiveCfg = Debug|Win32
		{AB3D1A67-27ED-4D74-9C7F-7BA19529FEA4}.Debug|x86.Build.0 = Debug|Win32
		{AB3D1A67-27ED-4D74-9C7F-7BA19529FEA4}.Release|x64.ActiveCfg = Release|x64
		{AB3D1A67-27ED-4D74-9C7F-7BA19529FEA4}.Release|x64.Build.0 = Release|x64
		{AB3D1A67-27ED-4D74-9C7F-7BA19529FEA4}.Release|x86.ActiveCfg = Release|Win32
		{AB3D1A67-27ED-4D74-9C7F-7BA19529FEA4}.Release|x86.Build.0 = Release|Win32
	EndGlobalSection
	GlobalSection(SolutionProperties) = preSolution
		HideSolutionNode = FALSE
	EndGlobalSection
	GlobalSection(ExtensibilityGlobals) = postSolution
		SolutionGuid = {7484F10D-20E5-4A43-B295-9463EEEF91E1}
	EndGlobalSection
EndGlobal
